
Microsoft Visual Studio Solution File, Format Version 12.00
# Visual Studio Version 17
VisualStudioVersion = 17.6.33815.320
MinimumVisualStudioVersion = 10.0.40219.1
Project("{FAE04EC0-301F-11D3-BF4B-00C04F79EFBC}") = "StudentRegistrationSystem", "StudentRegistrationSystem\StudentRegistrationSystem.csproj", "{030EEF67-E624-4F89-8917-428BCE9E20CA}"
EndProject
Global
	GlobalSection(SolutionConfigurationPlatforms) = preSolution
		Debug|Any CPU = Debug|Any CPU
		Release|Any CPU = Release|Any CPU
	EndGlobalSection
	GlobalSection(ProjectConfigurationPlatforms) = postSolution
		{030EEF67-E624-4F89-8917-428BCE9E20CA}.Debug|Any CPU.ActiveCfg = Debug|Any CPU
		{030EEF67-E624-4F89-8917-428BCE9E20CA}.Debug|Any CPU.Build.0 = Debug|Any CPU
		{030EEF67-E624-4F89-8917-428BCE9E20CA}.Release|Any CPU.ActiveCfg = Release|Any CPU
		{030EEF67-E624-4F89-8917-428BCE9E20CA}.Release|Any CPU.Build.0 = Release|Any CPU
	EndGlobalSection
	GlobalSection(SolutionProperties) = preSolution
		HideSolutionNode = FALSE
	EndGlobalSection
	GlobalSection(ExtensibilityGlobals) = postSolution
		SolutionGuid = {0828B6D1-B3CD-4C4B-A281-C151499C73E8}
	EndGlobalSection
EndGlobal
